// !$*UTF8*$!
{
	archiveVersion = 1;
	classes = {
	};
	objectVersion = 52;
	objects = {

/* Begin PBXBuildFile section */
		302988F823DA24DA00DF3232 /* AppDelegate.swift in Sources */ = {isa = PBXBuildFile; fileRef = 302988F723DA24DA00DF3232 /* AppDelegate.swift */; };
		302988FA23DA24DA00DF3232 /* SceneDelegate.swift in Sources */ = {isa = PBXBuildFile; fileRef = 302988F923DA24DA00DF3232 /* SceneDelegate.swift */; };
		302988FF23DA24DA00DF3232 /* Main.storyboard in Resources */ = {isa = PBXBuildFile; fileRef = 302988FD23DA24DA00DF3232 /* Main.storyboard */; };
		3029890123DA24DB00DF3232 /* Assets.xcassets in Resources */ = {isa = PBXBuildFile; fileRef = 3029890023DA24DB00DF3232 /* Assets.xcassets */; };
		3029890423DA24DB00DF3232 /* LaunchScreen.storyboard in Resources */ = {isa = PBXBuildFile; fileRef = 3029890223DA24DB00DF3232 /* LaunchScreen.storyboard */; };
		3029890C23DA2AAA00DF3232 /* FileManager-Extension.swift in Sources */ = {isa = PBXBuildFile; fileRef = 3029890B23DA2AAA00DF3232 /* FileManager-Extension.swift */; };
		3029890E23DA2AEC00DF3232 /* PersistanceHelper.swift in Sources */ = {isa = PBXBuildFile; fileRef = 3029890D23DA2AEC00DF3232 /* PersistanceHelper.swift */; };
		3029891023DA2B2400DF3232 /* ModelStruct.swift in Sources */ = {isa = PBXBuildFile; fileRef = 3029890F23DA2B2400DF3232 /* ModelStruct.swift */; };
		3029891323DA2C8A00DF3232 /* ImageKit in Frameworks */ = {isa = PBXBuildFile; productRef = 3029891223DA2C8A00DF3232 /* ImageKit */; };
		3029891623DA36DE00DF3232 /* APIClient.swift in Sources */ = {isa = PBXBuildFile; fileRef = 3029891523DA36DE00DF3232 /* APIClient.swift */; };
		3029891F23DA3D0A00DF3232 /* ImagesViewController.swift in Sources */ = {isa = PBXBuildFile; fileRef = 3029891E23DA3D0A00DF3232 /* ImagesViewController.swift */; };
		3029892123DA3E0700DF3232 /* ImageDetailViewController.swift in Sources */ = {isa = PBXBuildFile; fileRef = 3029892023DA3E0700DF3232 /* ImageDetailViewController.swift */; };
		3029892323DA408500DF3232 /* FavoritesViewController.swift in Sources */ = {isa = PBXBuildFile; fileRef = 3029892223DA408500DF3232 /* FavoritesViewController.swift */; };
		3029892523DA442C00DF3232 /* CollectionViewCell.swift in Sources */ = {isa = PBXBuildFile; fileRef = 3029892423DA442C00DF3232 /* CollectionViewCell.swift */; };
		3029892823DA458E00DF3232 /* FavoritesTableViewCell.swift in Sources */ = {isa = PBXBuildFile; fileRef = 3029892723DA458E00DF3232 /* FavoritesTableViewCell.swift */; };
		306D4B1E23DA5E4700991026 /* showAlert.swift in Sources */ = {isa = PBXBuildFile; fileRef = 306D4B1D23DA5E4700991026 /* showAlert.swift */; };
/* End PBXBuildFile section */

/* Begin PBXFileReference section */
		302988F423DA24DA00DF3232 /* FileManager-Persistance-Lab.app */ = {isa = PBXFileReference; explicitFileType = wrapper.application; includeInIndex = 0; path = "FileManager-Persistance-Lab.app"; sourceTree = BUILT_PRODUCTS_DIR; };
		302988F723DA24DA00DF3232 /* AppDelegate.swift */ = {isa = PBXFileReference; lastKnownFileType = sourcecode.swift; path = AppDelegate.swift; sourceTree = "<group>"; };
		302988F923DA24DA00DF3232 /* SceneDelegate.swift */ = {isa = PBXFileReference; lastKnownFileType = sourcecode.swift; path = SceneDelegate.swift; sourceTree = "<group>"; };
		302988FE23DA24DA00DF3232 /* Base */ = {isa = PBXFileReference; lastKnownFileType = file.storyboard; name = Base; path = Base.lproj/Main.storyboard; sourceTree = "<group>"; };
		3029890023DA24DB00DF3232 /* Assets.xcassets */ = {isa = PBXFileReference; lastKnownFileType = folder.assetcatalog; path = Assets.xcassets; sourceTree = "<group>"; };
		3029890323DA24DB00DF3232 /* Base */ = {isa = PBXFileReference; lastKnownFileType = file.storyboard; name = Base; path = Base.lproj/LaunchScreen.storyboard; sourceTree = "<group>"; };
		3029890523DA24DB00DF3232 /* Info.plist */ = {isa = PBXFileReference; lastKnownFileType = text.plist.xml; path = Info.plist; sourceTree = "<group>"; };
		3029890B23DA2AAA00DF3232 /* FileManager-Extension.swift */ = {isa = PBXFileReference; lastKnownFileType = sourcecode.swift; path = "FileManager-Extension.swift"; sourceTree = "<group>"; };
		3029890D23DA2AEC00DF3232 /* PersistanceHelper.swift */ = {isa = PBXFileReference; lastKnownFileType = sourcecode.swift; path = PersistanceHelper.swift; sourceTree = "<group>"; };
		3029890F23DA2B2400DF3232 /* ModelStruct.swift */ = {isa = PBXFileReference; lastKnownFileType = sourcecode.swift; path = ModelStruct.swift; sourceTree = "<group>"; };
		3029891523DA36DE00DF3232 /* APIClient.swift */ = {isa = PBXFileReference; lastKnownFileType = sourcecode.swift; path = APIClient.swift; sourceTree = "<group>"; };
		3029891E23DA3D0A00DF3232 /* ImagesViewController.swift */ = {isa = PBXFileReference; lastKnownFileType = sourcecode.swift; path = ImagesViewController.swift; sourceTree = "<group>"; };
		3029892023DA3E0700DF3232 /* ImageDetailViewController.swift */ = {isa = PBXFileReference; lastKnownFileType = sourcecode.swift; path = ImageDetailViewController.swift; sourceTree = "<group>"; };
		3029892223DA408500DF3232 /* FavoritesViewController.swift */ = {isa = PBXFileReference; lastKnownFileType = sourcecode.swift; path = FavoritesViewController.swift; sourceTree = "<group>"; };
		3029892423DA442C00DF3232 /* CollectionViewCell.swift */ = {isa = PBXFileReference; lastKnownFileType = sourcecode.swift; path = CollectionViewCell.swift; sourceTree = "<group>"; };
		3029892723DA458E00DF3232 /* FavoritesTableViewCell.swift */ = {isa = PBXFileReference; lastKnownFileType = sourcecode.swift; path = FavoritesTableViewCell.swift; sourceTree = "<group>"; };
		306D4B1D23DA5E4700991026 /* showAlert.swift */ = {isa = PBXFileReference; lastKnownFileType = sourcecode.swift; path = showAlert.swift; sourceTree = "<group>"; };
/* End PBXFileReference section */

/* Begin PBXFrameworksBuildPhase section */
		302988F123DA24DA00DF3232 /* Frameworks */ = {
			isa = PBXFrameworksBuildPhase;
			buildActionMask = 2147483647;
			files = (
				3029891323DA2C8A00DF3232 /* ImageKit in Frameworks */,
			);
			runOnlyForDeploymentPostprocessing = 0;
		};
/* End PBXFrameworksBuildPhase section */

/* Begin PBXGroup section */
		302988EB23DA24DA00DF3232 = {
			isa = PBXGroup;
			children = (
				302988F623DA24DA00DF3232 /* FileManager-Persistance-Lab */,
				302988F523DA24DA00DF3232 /* Products */,
			);
			sourceTree = "<group>";
		};
		302988F523DA24DA00DF3232 /* Products */ = {
			isa = PBXGroup;
			children = (
				302988F423DA24DA00DF3232 /* FileManager-Persistance-Lab.app */,
			);
			name = Products;
			sourceTree = "<group>";
		};
		302988F623DA24DA00DF3232 /* FileManager-Persistance-Lab */ = {
			isa = PBXGroup;
			children = (
				302988F723DA24DA00DF3232 /* AppDelegate.swift */,
				302988F923DA24DA00DF3232 /* SceneDelegate.swift */,
				306D4B1D23DA5E4700991026 /* showAlert.swift */,
				3029891423DA360A00DF3232 /* FileManager-PersistHelper */,
				3029891723DA39C600DF3232 /* APIClient */,
				3029891823DA39D400DF3232 /* Model */,
				3029891D23DA3B2100DF3232 /* Controllers */,
				3029892623DA453300DF3232 /* CustomCell */,
				302988FD23DA24DA00DF3232 /* Main.storyboard */,
				3029890023DA24DB00DF3232 /* Assets.xcassets */,
				3029890223DA24DB00DF3232 /* LaunchScreen.storyboard */,
				3029890523DA24DB00DF3232 /* Info.plist */,
			);
			path = "FileManager-Persistance-Lab";
			sourceTree = "<group>";
		};
		3029891423DA360A00DF3232 /* FileManager-PersistHelper */ = {
			isa = PBXGroup;
			children = (
				3029890B23DA2AAA00DF3232 /* FileManager-Extension.swift */,
				3029890D23DA2AEC00DF3232 /* PersistanceHelper.swift */,
			);
			path = "FileManager-PersistHelper";
			sourceTree = "<group>";
		};
		3029891723DA39C600DF3232 /* APIClient */ = {
			isa = PBXGroup;
			children = (
				3029891523DA36DE00DF3232 /* APIClient.swift */,
			);
			path = APIClient;
			sourceTree = "<group>";
		};
		3029891823DA39D400DF3232 /* Model */ = {
			isa = PBXGroup;
			children = (
				3029890F23DA2B2400DF3232 /* ModelStruct.swift */,
			);
			path = Model;
			sourceTree = "<group>";
		};
		3029891D23DA3B2100DF3232 /* Controllers */ = {
			isa = PBXGroup;
			children = (
				3029891E23DA3D0A00DF3232 /* ImagesViewController.swift */,
				3029892023DA3E0700DF3232 /* ImageDetailViewController.swift */,
				3029892223DA408500DF3232 /* FavoritesViewController.swift */,
			);
			path = Controllers;
			sourceTree = "<group>";
		};
		3029892623DA453300DF3232 /* CustomCell */ = {
			isa = PBXGroup;
			children = (
				3029892423DA442C00DF3232 /* CollectionViewCell.swift */,
				3029892723DA458E00DF3232 /* FavoritesTableViewCell.swift */,
			);
			path = CustomCell;
			sourceTree = "<group>";
		};
/* End PBXGroup section */

/* Begin PBXNativeTarget section */
		302988F323DA24DA00DF3232 /* FileManager-Persistance-Lab */ = {
			isa = PBXNativeTarget;
			buildConfigurationList = 3029890823DA24DB00DF3232 /* Build configuration list for PBXNativeTarget "FileManager-Persistance-Lab" */;
			buildPhases = (
				302988F023DA24DA00DF3232 /* Sources */,
				302988F123DA24DA00DF3232 /* Frameworks */,
				302988F223DA24DA00DF3232 /* Resources */,
			);
			buildRules = (
			);
			dependencies = (
			);
			name = "FileManager-Persistance-Lab";
			packageProductDependencies = (
				3029891223DA2C8A00DF3232 /* ImageKit */,
			);
			productName = "FileManager-Persistance-Lab";
			productReference = 302988F423DA24DA00DF3232 /* FileManager-Persistance-Lab.app */;
			productType = "com.apple.product-type.application";
		};
/* End PBXNativeTarget section */

/* Begin PBXProject section */
		302988EC23DA24DA00DF3232 /* Project object */ = {
			isa = PBXProject;
			attributes = {
				LastSwiftUpdateCheck = 1130;
				LastUpgradeCheck = 1130;
				ORGANIZATIONNAME = "Jaheed Haynes";
				TargetAttributes = {
					302988F323DA24DA00DF3232 = {
						CreatedOnToolsVersion = 11.3;
					};
				};
			};
			buildConfigurationList = 302988EF23DA24DA00DF3232 /* Build configuration list for PBXProject "FileManager-Persistance-Lab" */;
			compatibilityVersion = "Xcode 9.3";
			developmentRegion = en;
			hasScannedForEncodings = 0;
			knownRegions = (
				en,
				Base,
			);
			mainGroup = 302988EB23DA24DA00DF3232;
			packageReferences = (
				3029891123DA2C8A00DF3232 /* XCRemoteSwiftPackageReference "ImageKit" */,
			);
			productRefGroup = 302988F523DA24DA00DF3232 /* Products */;
			projectDirPath = "";
			projectRoot = "";
			targets = (
				302988F323DA24DA00DF3232 /* FileManager-Persistance-Lab */,
			);
		};
/* End PBXProject section */

/* Begin PBXResourcesBuildPhase section */
		302988F223DA24DA00DF3232 /* Resources */ = {
			isa = PBXResourcesBuildPhase;
			buildActionMask = 2147483647;
			files = (
				3029890423DA24DB00DF3232 /* LaunchScreen.storyboard in Resources */,
				3029890123DA24DB00DF3232 /* Assets.xcassets in Resources */,
				302988FF23DA24DA00DF3232 /* Main.storyboard in Resources */,
			);
			runOnlyForDeploymentPostprocessing = 0;
		};
/* End PBXResourcesBuildPhase section */

/* Begin PBXSourcesBuildPhase section */
		302988F023DA24DA00DF3232 /* Sources */ = {
			isa = PBXSourcesBuildPhase;
			buildActionMask = 2147483647;
			files = (
				3029892823DA458E00DF3232 /* FavoritesTableViewCell.swift in Sources */,
				3029892523DA442C00DF3232 /* CollectionViewCell.swift in Sources */,
				3029891623DA36DE00DF3232 /* APIClient.swift in Sources */,
				3029892323DA408500DF3232 /* FavoritesViewController.swift in Sources */,
				3029891F23DA3D0A00DF3232 /* ImagesViewController.swift in Sources */,
				302988F823DA24DA00DF3232 /* AppDelegate.swift in Sources */,
				3029891023DA2B2400DF3232 /* ModelStruct.swift in Sources */,
				306D4B1E23DA5E4700991026 /* showAlert.swift in Sources */,
				302988FA23DA24DA00DF3232 /* SceneDelegate.swift in Sources */,
				3029890C23DA2AAA00DF3232 /* FileManager-Extension.swift in Sources */,
				3029890E23DA2AEC00DF3232 /* PersistanceHelper.swift in Sources */,
				3029892123DA3E0700DF3232 /* ImageDetailViewController.swift in Sources */,
			);
			runOnlyForDeploymentPostprocessing = 0;
		};
/* End PBXSourcesBuildPhase section */

/* Begin PBXVariantGroup section */
		302988FD23DA24DA00DF3232 /* Main.storyboard */ = {
			isa = PBXVariantGroup;
			children = (
				302988FE23DA24DA00DF3232 /* Base */,
			);
			name = Main.storyboard;
			sourceTree = "<group>";
		};
		3029890223DA24DB00DF3232 /* LaunchScreen.storyboard */ = {
			isa = PBXVariantGroup;
			children = (
				3029890323DA24DB00DF3232 /* Base */,
			);
			name = LaunchScreen.storyboard;
			sourceTree = "<group>";
		};
/* End PBXVariantGroup section */

/* Begin XCBuildConfiguration section */
		3029890623DA24DB00DF3232 /* Debug */ = {
			isa = XCBuildConfiguration;
			buildSettings = {
				ALWAYS_SEARCH_USER_PATHS = NO;
				CLANG_ANALYZER_NONNULL = YES;
				CLANG_ANALYZER_NUMBER_OBJECT_CONVERSION = YES_AGGRESSIVE;
				CLANG_CXX_LANGUAGE_STANDARD = "gnu++14";
				CLANG_CXX_LIBRARY = "libc++";
				CLANG_ENABLE_MODULES = YES;
				CLANG_ENABLE_OBJC_ARC = YES;
				CLANG_ENABLE_OBJC_WEAK = YES;
				CLANG_WARN_BLOCK_CAPTURE_AUTORELEASING = YES;
				CLANG_WARN_BOOL_CONVERSION = YES;
				CLANG_WARN_COMMA = YES;
				CLANG_WARN_CONSTANT_CONVERSION = YES;
				CLANG_WARN_DEPRECATED_OBJC_IMPLEMENTATIONS = YES;
				CLANG_WARN_DIRECT_OBJC_ISA_USAGE = YES_ERROR;
				CLANG_WARN_DOCUMENTATION_COMMENTS = YES;
				CLANG_WARN_EMPTY_BODY = YES;
				CLANG_WARN_ENUM_CONVERSION = YES;
				CLANG_WARN_INFINITE_RECURSION = YES;
				CLANG_WARN_INT_CONVERSION = YES;
				CLANG_WARN_NON_LITERAL_NULL_CONVERSION = YES;
				CLANG_WARN_OBJC_IMPLICIT_RETAIN_SELF = YES;
				CLANG_WARN_OBJC_LITERAL_CONVERSION = YES;
				CLANG_WARN_OBJC_ROOT_CLASS = YES_ERROR;
				CLANG_WARN_RANGE_LOOP_ANALYSIS = YES;
				CLANG_WARN_STRICT_PROTOTYPES = YES;
				CLANG_WARN_SUSPICIOUS_MOVE = YES;
				CLANG_WARN_UNGUARDED_AVAILABILITY = YES_AGGRESSIVE;
				CLANG_WARN_UNREACHABLE_CODE = YES;
				CLANG_WARN__DUPLICATE_METHOD_MATCH = YES;
				COPY_PHASE_STRIP = NO;
				DEBUG_INFORMATION_FORMAT = dwarf;
				ENABLE_STRICT_OBJC_MSGSEND = YES;
				ENABLE_TESTABILITY = YES;
				GCC_C_LANGUAGE_STANDARD = gnu11;
				GCC_DYNAMIC_NO_PIC = NO;
				GCC_NO_COMMON_BLOCKS = YES;
				GCC_OPTIMIZATION_LEVEL = 0;
				GCC_PREPROCESSOR_DEFINITIONS = (
					"DEBUG=1",
					"$(inherited)",
				);
				GCC_WARN_64_TO_32_BIT_CONVERSION = YES;
				GCC_WARN_ABOUT_RETURN_TYPE = YES_ERROR;
				GCC_WARN_UNDECLARED_SELECTOR = YES;
				GCC_WARN_UNINITIALIZED_AUTOS = YES_AGGRESSIVE;
				GCC_WARN_UNUSED_FUNCTION = YES;
				GCC_WARN_UNUSED_VARIABLE = YES;
				IPHONEOS_DEPLOYMENT_TARGET = 13.2;
				MTL_ENABLE_DEBUG_INFO = INCLUDE_SOURCE;
				MTL_FAST_MATH = YES;
				ONLY_ACTIVE_ARCH = YES;
				SDKROOT = iphoneos;
				SWIFT_ACTIVE_COMPILATION_CONDITIONS = DEBUG;
				SWIFT_OPTIMIZATION_LEVEL = "-Onone";
			};
			name = Debug;
		};
		3029890723DA24DB00DF3232 /* Release */ = {
			isa = XCBuildConfiguration;
			buildSettings = {
				ALWAYS_SEARCH_USER_PATHS = NO;
				CLANG_ANALYZER_NONNULL = YES;
				CLANG_ANALYZER_NUMBER_OBJECT_CONVERSION = YES_AGGRESSIVE;
				CLANG_CXX_LANGUAGE_STANDARD = "gnu++14";
				CLANG_CXX_LIBRARY = "libc++";
				CLANG_ENABLE_MODULES = YES;
				CLANG_ENABLE_OBJC_ARC = YES;
				CLANG_ENABLE_OBJC_WEAK = YES;
				CLANG_WARN_BLOCK_CAPTURE_AUTORELEASING = YES;
				CLANG_WARN_BOOL_CONVERSION = YES;
				CLANG_WARN_COMMA = YES;
				CLANG_WARN_CONSTANT_CONVERSION = YES;
				CLANG_WARN_DEPRECATED_OBJC_IMPLEMENTATIONS = YES;
				CLANG_WARN_DIRECT_OBJC_ISA_USAGE = YES_ERROR;
				CLANG_WARN_DOCUMENTATION_COMMENTS = YES;
				CLANG_WARN_EMPTY_BODY = YES;
				CLANG_WARN_ENUM_CONVERSION = YES;
				CLANG_WARN_INFINITE_RECURSION = YES;
				CLANG_WARN_INT_CONVERSION = YES;
				CLANG_WARN_NON_LITERAL_NULL_CONVERSION = YES;
				CLANG_WARN_OBJC_IMPLICIT_RETAIN_SELF = YES;
				CLANG_WARN_OBJC_LITERAL_CONVERSION = YES;
				CLANG_WARN_OBJC_ROOT_CLASS = YES_ERROR;
				CLANG_WARN_RANGE_LOOP_ANALYSIS = YES;
				CLANG_WARN_STRICT_PROTOTYPES = YES;
				CLANG_WARN_SUSPICIOUS_MOVE = YES;
				CLANG_WARN_UNGUARDED_AVAILABILITY = YES_AGGRESSIVE;
				CLANG_WARN_UNREACHABLE_CODE = YES;
				CLANG_WARN__DUPLICATE_METHOD_MATCH = YES;
				COPY_PHASE_STRIP = NO;
				DEBUG_INFORMATION_FORMAT = "dwarf-with-dsym";
				ENABLE_NS_ASSERTIONS = NO;
				ENABLE_STRICT_OBJC_MSGSEND = YES;
				GCC_C_LANGUAGE_STANDARD = gnu11;
				GCC_NO_COMMON_BLOCKS = YES;
				GCC_WARN_64_TO_32_BIT_CONVERSION = YES;
				GCC_WARN_ABOUT_RETURN_TYPE = YES_ERROR;
				GCC_WARN_UNDECLARED_SELECTOR = YES;
				GCC_WARN_UNINITIALIZED_AUTOS = YES_AGGRESSIVE;
				GCC_WARN_UNUSED_FUNCTION = YES;
				GCC_WARN_UNUSED_VARIABLE = YES;
				IPHONEOS_DEPLOYMENT_TARGET = 13.2;
				MTL_ENABLE_DEBUG_INFO = NO;
				MTL_FAST_MATH = YES;
				SDKROOT = iphoneos;
				SWIFT_COMPILATION_MODE = wholemodule;
				SWIFT_OPTIMIZATION_LEVEL = "-O";
				VALIDATE_PRODUCT = YES;
			};
			name = Release;
		};
		3029890923DA24DB00DF3232 /* Debug */ = {
			isa = XCBuildConfiguration;
			buildSettings = {
				ASSETCATALOG_COMPILER_APPICON_NAME = AppIcon;
				CODE_SIGN_STYLE = Automatic;
				DEVELOPMENT_TEAM = TTN2293JXM;
				INFOPLIST_FILE = "FileManager-Persistance-Lab/Info.plist";
				LD_RUNPATH_SEARCH_PATHS = (
					"$(inherited)",
					"@executable_path/Frameworks",
				);
				PRODUCT_BUNDLE_IDENTIFIER = "com.Jaheed.FileManager-Persistance-Lab";
				PRODUCT_NAME = "$(TARGET_NAME)";
				SWIFT_VERSION = 5.0;
				TARGETED_DEVICE_FAMILY = "1,2";
			};
			name = Debug;
		};
		3029890A23DA24DB00DF3232 /* Release */ = {
			isa = XCBuildConfiguration;
			buildSettings = {
				ASSETCATALOG_COMPILER_APPICON_NAME = AppIcon;
				CODE_SIGN_STYLE = Automatic;
				DEVELOPMENT_TEAM = TTN2293JXM;
				INFOPLIST_FILE = "FileManager-Persistance-Lab/Info.plist";
				LD_RUNPATH_SEARCH_PATHS = (
					"$(inherited)",
					"@executable_path/Frameworks",
				);
				PRODUCT_BUNDLE_IDENTIFIER = "com.Jaheed.FileManager-Persistance-Lab";
				PRODUCT_NAME = "$(TARGET_NAME)";
				SWIFT_VERSION = 5.0;
				TARGETED_DEVICE_FAMILY = "1,2";
			};
			name = Release;
		};
/* End XCBuildConfiguration section */

/* Begin XCConfigurationList section */
		302988EF23DA24DA00DF3232 /* Build configuration list for PBXProject "FileManager-Persistance-Lab" */ = {
			isa = XCConfigurationList;
			buildConfigurations = (
				3029890623DA24DB00DF3232 /* Debug */,
				3029890723DA24DB00DF3232 /* Release */,
			);
			defaultConfigurationIsVisible = 0;
			defaultConfigurationName = Release;
		};
		3029890823DA24DB00DF3232 /* Build configuration list for PBXNativeTarget "FileManager-Persistance-Lab" */ = {
			isa = XCConfigurationList;
			buildConfigurations = (
				3029890923DA24DB00DF3232 /* Debug */,
				3029890A23DA24DB00DF3232 /* Release */,
			);
			defaultConfigurationIsVisible = 0;
			defaultConfigurationName = Release;
		};
/* End XCConfigurationList section */

/* Begin XCRemoteSwiftPackageReference section */
		3029891123DA2C8A00DF3232 /* XCRemoteSwiftPackageReference "ImageKit" */ = {
			isa = XCRemoteSwiftPackageReference;
			repositoryURL = "https://github.com/alexpaul/ImageKit";
			requirement = {
				kind = upToNextMajorVersion;
				minimumVersion = 1.0.4;
			};
		};
/* End XCRemoteSwiftPackageReference section */

/* Begin XCSwiftPackageProductDependency section */
		3029891223DA2C8A00DF3232 /* ImageKit */ = {
			isa = XCSwiftPackageProductDependency;
			package = 3029891123DA2C8A00DF3232 /* XCRemoteSwiftPackageReference "ImageKit" */;
			productName = ImageKit;
		};
/* End XCSwiftPackageProductDependency section */
	};
	rootObject = 302988EC23DA24DA00DF3232 /* Project object */;
}
